
Microsoft Visual Studio Solution File, Format Version 12.00
# Visual Studio 15
VisualStudioVersion = 15.0.25807.0
MinimumVisualStudioVersion = 10.0.40219.1
Project("{2150E333-8FDC-42A3-9474-1A3956D46DE8}") = "Engine", "Engine", "{CA8CFA62-1332-403D-9F6E-FBCC23D38656}"
EndProject
Project("{2150E333-8FDC-42A3-9474-1A3956D46DE8}") = "Games", "Games", "{9E387DB1-158D-4FB4-9A66-09D4FF6E5317}"
EndProject
Project("{8BC9CEB8-8B4A-11D0-8D11-00A0C91BC942}") = "UE4", "Intermediate\ProjectFiles\UE4.vcxproj", "{7A6FE6CA-F113-41CB-B159-561EA71B56A2}"
EndProject
Project("{8BC9CEB8-8B4A-11D0-8D11-00A0C91BC942}") = "BattleTank", "Intermediate\ProjectFiles\BattleTank.vcxproj", "{DDEE65BB-52C9-4E45-A0BD-95C40C154007}"
EndProject
Global
	GlobalSection(SolutionConfigurationPlatforms) = preSolution
		DebugGame Editor|HTML5 = DebugGame Editor|HTML5
		DebugGame Editor|Win32 = DebugGame Editor|Win32
		DebugGame Editor|Win64 = DebugGame Editor|Win64
		DebugGame|HTML5 = DebugGame|HTML5
		DebugGame|Win32 = DebugGame|Win32
		DebugGame|Win64 = DebugGame|Win64
		Development Editor|HTML5 = Development Editor|HTML5
		Development Editor|Win32 = Development Editor|Win32
		Development Editor|Win64 = Development Editor|Win64
		Development|HTML5 = Development|HTML5
		Development|Win32 = Development|Win32
		Development|Win64 = Development|Win64
		Shipping|HTML5 = Shipping|HTML5
		Shipping|Win32 = Shipping|Win32
		Shipping|Win64 = Shipping|Win64
	EndGlobalSection
	GlobalSection(ProjectConfigurationPlatforms) = postSolution
		{DDEE65BB-52C9-4E45-A0BD-95C40C154007}.DebugGame Editor|HTML5.ActiveCfg = HTML5_DebugGame_Editor|Win32
		{DDEE65BB-52C9-4E45-A0BD-95C40C154007}.DebugGame Editor|Win32.ActiveCfg = DebugGame_Editor|Win32
		{DDEE65BB-52C9-4E45-A0BD-95C40C154007}.DebugGame Editor|Win64.ActiveCfg = DebugGame_Editor|x64
		{DDEE65BB-52C9-4E45-A0BD-95C40C154007}.DebugGame Editor|Win64.Build.0 = DebugGame_Editor|x64
		{DDEE65BB-52C9-4E45-A0BD-95C40C154007}.DebugGame|HTML5.ActiveCfg = HTML5_DebugGame_Game|Win32
		{DDEE65BB-52C9-4E45-A0BD-95C40C154007}.DebugGame|HTML5.Build.0 = HTML5_DebugGame_Game|Win32
		{DDEE65BB-52C9-4E45-A0BD-95C40C154007}.DebugGame|Win32.ActiveCfg = DebugGame_Game|Win32
		{DDEE65BB-52C9-4E45-A0BD-95C40C154007}.DebugGame|Win32.Build.0 = DebugGame_Game|Win32
		{DDEE65BB-52C9-4E45-A0BD-95C40C154007}.DebugGame|Win64.ActiveCfg = DebugGame_Game|x64
		{DDEE65BB-52C9-4E45-A0BD-95C40C154007}.DebugGame|Win64.Build.0 = DebugGame_Game|x64
		{DDEE65BB-52C9-4E45-A0BD-95C40C154007}.Development Editor|HTML5.ActiveCfg = HTML5_Development_Editor|Win32
		{DDEE65BB-52C9-4E45-A0BD-95C40C154007}.Development Editor|Win32.ActiveCfg = Development_Editor|Win32
		{DDEE65BB-52C9-4E45-A0BD-95C40C154007}.Development Editor|Win64.ActiveCfg = Development_Editor|x64
		{DDEE65BB-52C9-4E45-A0BD-95C40C154007}.Development Editor|Win64.Build.0 = Development_Editor|x64
		{DDEE65BB-52C9-4E45-A0BD-95C40C154007}.Development|HTML5.ActiveCfg = HTML5_Development_Game|Win32
		{DDEE65BB-52C9-4E45-A0BD-95C40C154007}.Development|HTML5.Build.0 = HTML5_Development_Game|Win32
		{DDEE65BB-52C9-4E45-A0BD-95C40C154007}.Development|Win32.ActiveCfg = Development_Game|Win32
		{DDEE65BB-52C9-4E45-A0BD-95C40C154007}.Development|Win32.Build.0 = Development_Game|Win32
		{DDEE65BB-52C9-4E45-A0BD-95C40C154007}.Development|Win64.ActiveCfg = Development_Game|x64
		{DDEE65BB-52C9-4E45-A0BD-95C40C154007}.Development|Win64.Build.0 = Development_Game|x64
		{DDEE65BB-52C9-4E45-A0BD-95C40C154007}.Shipping|HTML5.ActiveCfg = HTML5_Shipping_Game|Win32
		{DDEE65BB-52C9-4E45-A0BD-95C40C154007}.Shipping|HTML5.Build.0 = HTML5_Shipping_Game|Win32
		{DDEE65BB-52C9-4E45-A0BD-95C40C154007}.Shipping|Win32.ActiveCfg = Shipping_Game|Win32
		{DDEE65BB-52C9-4E45-A0BD-95C40C154007}.Shipping|Win32.Build.0 = Shipping_Game|Win32
		{DDEE65BB-52C9-4E45-A0BD-95C40C154007}.Shipping|Win64.ActiveCfg = Shipping_Game|x64
		{DDEE65BB-52C9-4E45-A0BD-95C40C154007}.Shipping|Win64.Build.0 = Shipping_Game|x64
	EndGlobalSection
	GlobalSection(SolutionProperties) = preSolution
		HideSolutionNode = FALSE
	EndGlobalSection
	GlobalSection(NestedProjects) = preSolution
		{7A6FE6CA-F113-41CB-B159-561EA71B56A2} = {CA8CFA62-1332-403D-9F6E-FBCC23D38656}
		{DDEE65BB-52C9-4E45-A0BD-95C40C154007} = {9E387DB1-158D-4FB4-9A66-09D4FF6E5317}
	EndGlobalSection
EndGlobal
